filippo.io/edwards25519 v1.1.0 h1:FNf4tywRC1HmFuKW5xopWpigGjJKiJSV0Cqo0cJWDaA=
filippo.io/edwards25519 v1.1.0/go.mod h1:BxyFTGdWcka3PhytdK4V28tE5sGfRvvvRV7EaN4VDT4=
github.com/Codefor/geohash v0.0.0-20140723084247-1b41c28e3a9d h1:iG9B49Q218F/XxXNRM7k/vWf7MKmLIS8AcJV9cGN4nA=
github.com/Codefor/geohash v0.0.0-20140723084247-1b41c28e3a9d/go.mod h1:RVnhzAX71far8Kc3TQeA0k/dcaEKUnTDSOyet/JCmGI=
github.com/TomiHiltunen/geohash-golang v0.0.0-20150112065804-b3e4e625abfb h1:wumPkzt4zaxO4rHPBrjDK8iZMR41C1qs7njNqlacwQg=
github.com/TomiHiltunen/geohash-golang v0.0.0-20150112065804-b3e4e625abfb/go.mod h1:QiYsIBRQEO+Z4Rz7GoI+dsHVneZNONvhczuA+llOZNM=
github.com/broady/gogeohash v0.0.0-20120525094510-7b2c40d64042 h1:iEdmkrNMLXbM7ecffOAtZJQOQUTE4iMonxrb5opUgE4=
github.com/broady/gogeohash v0.0.0-20120525094510-7b2c40d64042/go.mod h1:f1L9YvXvlt9JTa+A17trQjSMM6bV40f+tHjB+Pi+Fqk=
github.com/bsm/ginkgo/v2 v2.12.0 h1:Ny8MWAHyOepLGlLKYmXG4IEkioBysk6GpaRTLC8zwWs=
github.com/bsm/ginkgo/v2 v2.12.0/go.mod h1:SwYbGRRDovPVboqFv0tPTcG1sN61LM1Z4ARdbAV9g4c=
github.com/bsm/gomega v1.27.10 h1:yeMWxP2pV2fG3FgAODIY8EiRE3dy0aeFYt4l7wh6yKA=
github.com/bsm/gomega v1.27.10/go.mod h1:JyEr/xRbxbtgWNi8tIEVPUYZ5Dzef52k01W3YH0H+O0=
github.com/bsm/redislock v0.9.4 h1:X/Wse1DPpiQgHbVYRE9zv6m070UcKoOGekgvpNhiSvw=
github.com/bsm/redislock v0.9.4/go.mod h1:Epf7AJLiSFwLCiZcfi6pWFO/8eAYrYpQXFxEDPoDeAk=
github.com/cespare/xxhash/v2 v2.3.0 h1:UL815xU9SqsFlibzuggzjXhog7bL6oX9BbNZnL2UFvs=
github.com/cespare/xxhash/v2 v2.3.0/go.mod h1:VGX0DQ3Q6kWi7AoAeZDth3/j3BFtOZR5XLFGgcrjCOs=
github.com/dgryski/go-rendezvous v0.0.0-20200823014737-9f7001d12a5f h1:lO4WD4F/rVNCu3HqELle0jiPLLBs70cWOduZpkS1E78=
github.com/dgryski/go-rendezvous v0.0.0-20200823014737-9f7001d12a5f/go.mod h1:cuUVRXasLTGF7a8hSLbxyZXjz+1KgoB3wDUb6vlszIc=
github.com/fanixk/geohash v0.0.0-20150324002647-c1f9b5fa157a h1:Fyfh/dsHFrC6nkX7H7+nFdTd1wROlX/FxEIWVpKYf1U=
github.com/fanixk/geohash v0.0.0-20150324002647-c1f9b5fa157a/go.mod h1:UgNw+PTmmGN8rV7RvjvnBMsoTU8ZXXnaT3hYsDTBlgQ=
github.com/go-sql-driver/mysql v1.8.1 h1:LedoTUt/eveggdHS9qUFC1EFSa8bU2+1pZjSRpvNJ1Y=
github.com/go-sql-driver/mysql v1.8.1/go.mod h1:wEBSXgmK//2ZFJyE+qWnIsVGmvmEKlqwuVSjsCm7DZg=
github.com/google/go-cmp v0.6.0 h1:ofyhxvXcZhMsU5ulbFiLKl/XBFqE1GSq7atu8tAmTRI=
github.com/google/go-cmp v0.6.0/go.mod h1:17dUlkBOakJ0+DkrSSNjCkIjxS6bF9zb3elmeNGIjoY=
github.com/mmcloughlin/geohash v0.10.0 h1:9w1HchfDfdeLc+jFEf/04D27KP7E2QmpDu52wPbJWRE=
github.com/mmcloughlin/geohash v0.10.0/go.mod h1:oNZxQo5yWJh0eMQEP/8hwQuVx9Z9tjwFUqcTB1SmG0c=
github.com/pierrre/assert v0.5.0 h1:l5XuybndelAlp+FfH5Uy6wVJybcCpbU3GnwYcur+4Mo=
github.com/pierrre/assert v0.5.0/go.mod h1:a2kNx38ErwdJHGEi8a9aFDTImkoO5W/mfix2Es/Zcp0=
github.com/pierrre/compare v1.4.7 h1:wa8vWJXUj39Uzw4C+VFXseZ9u3ZD5k1jgt3iJLmvWsI=
github.com/pierrre/compare v1.4.7/go.mod h1:EfhQgoxtZiKi4e2NiCjasv6am7xqVDrVgiyUFcoorLI=
github.com/pierrre/geohash v1.1.2 h1:UvIJTJHOhtBxn0QZhqeKRln6lirxxznAff1S06BZx3w=
github.com/pierrre/geohash v1.1.2/go.mod h1:ACW6wOs9Ha9laaU33CGel2y46hJkRjZY7uFGXeVnwDo=
github.com/pierrre/go-libs v0.7.0 h1:uaHiD66VBLb0jF1PaWGVLKBHdRhkw0KsM5pmlUK+CO8=
github.com/pierrre/go-libs v0.7.0/go.mod h1:0g8JPnx0MUreex2DGohGhUGrmLu8u87bD5drSMfEOP0=
github.com/pierrre/pretty v0.3.4 h1:Pxu9M/+Tfx9l03ceehyd+3LUfmIIjdr4YbYGLtAVOwc=
github.com/pierrre/pretty v0.3.4/go.mod h1:FbroWIpyd5L8P5sehyQ9sxX4YYY51oZbUN+ggNdMIuY=
github.com/redis/go-redis/v9 v9.6.1 h1:HHDteefn6ZkTtY5fGUE8tj8uy85AHk6zP7CpzIAM0y4=
github.com/redis/go-redis/v9 v9.6.1/go.mod h1:0C0c6ycQsdpVNQpxb1njEQIqkx5UcsM8FJCQLgE9+RA=
github.com/the42/cartconvert v1.0.0 h1:g8kt6ic2GEhdcZ61ZP9GsWwhosVo5nCnH1n2/oAQXUU=
github.com/the42/cartconvert v1.0.0/go.mod h1:fWO/msnJVhHqN1yX6OBoxSyfj7TEj1hHiL8bJSQsK30=
golang.org/x/net v0.26.0 h1:soB7SVo0PWrY4vPW/+ay0jKDNScG2X9wFeYlXIvJsOQ=
golang.org/x/net v0.26.0/go.mod h1:5YKkiSynbBIh3p6iOc/vibscux0x38BZDkn8sCUPxHE=
golang.org/x/sys v0.21.0 h1:rF+pYz3DAGSQAxAu1CbC7catZg4ebC4UIeIhKxBZvws=
golang.org/x/sys v0.21.0/go.mod h1:/VUhepiaJMQUp4+oa/7Zr1D23ma6VTLIYjOOTFZPUcA=
golang.org/x/text v0.16.0 h1:a94ExnEXNtEwYLGJSIUxnWoxoRz/ZcCsV63ROupILh4=
golang.org/x/text v0.16.0/go.mod h1:GhwF1Be+LQoKShO3cGOHzqOgRrGaYc9AvblQOmPVHnI=
google.golang.org/genproto/googleapis/rpc v0.0.0-20240604185151-ef581f913117 h1:1GBuWVLM/KMVUv1t1En5Gs+gFZCNd360GGb4sSxtrhU=
google.golang.org/genproto/googleapis/rpc v0.0.0-20240604185151-ef581f913117/go.mod h1:EfXuqaE1J41VCDicxHzUDm+8rk+7ZdXzHV0IhO/I6s0=
google.golang.org/grpc v1.66.2 h1:3QdXkuq3Bkh7w+ywLdLvM56cmGvQHUMZpiCzt6Rqaoo=
google.golang.org/grpc v1.66.2/go.mod h1:s3/l6xSSCURdVfAnL+TqCNMyTDAGN6+lZeVxnZR128Y=
google.golang.org/protobuf v1.34.2 h1:6xV6lTsCfpGD21XK49h7MhtcApnLqkfYgPcdHftf6hg=
google.golang.org/protobuf v1.34.2/go.mod h1:qYOHts0dSfpeUzUFpOMr/WGzszTmLH+DiWniOlNbLDw=
